// !$*UTF8*$!
{
	archiveVersion = 1;
	classes = {
	};
	objectVersion = 46;
	objects = {

/* Begin PBXBuildFile section */
		7022F5EB1AB63CCC008A05F7 /* main.m in Sources */ = {isa = PBXBuildFile; fileRef = 7022F5EA1AB63CCC008A05F7 /* main.m */; };
		7022F5EE1AB63CCC008A05F7 /* AppDelegate.m in Sources */ = {isa = PBXBuildFile; fileRef = 7022F5ED1AB63CCC008A05F7 /* AppDelegate.m */; };
		7022F5F11AB63CCC008A05F7 /* ViewController.m in Sources */ = {isa = PBXBuildFile; fileRef = 7022F5F01AB63CCC008A05F7 /* ViewController.m */; };
		7022F5F61AB63CCC008A05F7 /* Images.xcassets in Resources */ = {isa = PBXBuildFile; fileRef = 7022F5F51AB63CCC008A05F7 /* Images.xcassets */; };
		7022F6051AB63CCC008A05F7 /* RecreatedTabBarItemsTests.m in Sources */ = {isa = PBXBuildFile; fileRef = 7022F6041AB63CCC008A05F7 /* RecreatedTabBarItemsTests.m */; };
/* End PBXBuildFile section */

/* Begin PBXContainerItemProxy section */
		7022F5FF1AB63CCC008A05F7 /* PBXContainerItemProxy */ = {
			isa = PBXContainerItemProxy;
			containerPortal = 7022F5DD1AB63CCB008A05F7 /* Project object */;
			proxyType = 1;
			remoteGlobalIDString = 7022F5E41AB63CCB008A05F7;
			remoteInfo = RecreatedTabBarItems;
		};
/* End PBXContainerItemProxy section */

/* Begin PBXFileReference section */
		7022F5E51AB63CCB008A05F7 /* RecreatedTabBarItems.app */ = {isa = PBXFileReference; explicitFileType = wrapper.application; includeInIndex = 0; path = RecreatedTabBarItems.app; sourceTree = BUILT_PRODUCTS_DIR; };
		7022F5E91AB63CCC008A05F7 /* Info.plist */ = {isa = PBXFileReference; lastKnownFileType = text.plist.xml; path = Info.plist; sourceTree = "<group>"; };
		7022F5EA1AB63CCC008A05F7 /* main.m */ = {isa = PBXFileReference; lastKnownFileType = sourcecode.c.objc; path = main.m; sourceTree = "<group>"; };
		7022F5EC1AB63CCC008A05F7 /* AppDelegate.h */ = {isa = PBXFileReference; lastKnownFileType = sourcecode.c.h; path = AppDelegate.h; sourceTree = "<group>"; };
		7022F5ED1AB63CCC008A05F7 /* AppDelegate.m */ = {isa = PBXFileReference; lastKnownFileType = sourcecode.c.objc; path = AppDelegate.m; sourceTree = "<group>"; };
		7022F5EF1AB63CCC008A05F7 /* ViewController.h */ = {isa = PBXFileReference; lastKnownFileType = sourcecode.c.h; path = ViewController.h; sourceTree = "<group>"; };
		7022F5F01AB63CCC008A05F7 /* ViewController.m */ = {isa = PBXFileReference; lastKnownFileType = sourcecode.c.objc; path = ViewController.m; sourceTree = "<group>"; };
		7022F5F51AB63CCC008A05F7 /* Images.xcassets */ = {isa = PBXFileReference; lastKnownFileType = folder.assetcatalog; path = Images.xcassets; sourceTree = "<group>"; };
		7022F5FE1AB63CCC008A05F7 /* RecreatedTabBarItemsTests.xctest */ = {isa = PBXFileReference; explicitFileType = wrapper.cfbundle; includeInIndex = 0; path = RecreatedTabBarItemsTests.xctest; sourceTree = BUILT_PRODUCTS_DIR; };
		7022F6031AB63CCC008A05F7 /* Info.plist */ = {isa = PBXFileReference; lastKnownFileType = text.plist.xml; path = Info.plist; sourceTree = "<group>"; };
		7022F6041AB63CCC008A05F7 /* RecreatedTabBarItemsTests.m */ = {isa = PBXFileReference; lastKnownFileType = sourcecode.c.objc; path = RecreatedTabBarItemsTests.m; sourceTree = "<group>"; };
/* End PBXFileReference section */

/* Begin PBXFrameworksBuildPhase section */
		7022F5E21AB63CCB008A05F7 /* Frameworks */ = {
			isa = PBXFrameworksBuildPhase;
			buildActionMask = 2147483647;
			files = (
			);
			runOnlyForDeploymentPostprocessing = 0;
		};
		7022F5FB1AB63CCC008A05F7 /* Frameworks */ = {
			isa = PBXFrameworksBuildPhase;
			buildActionMask = 2147483647;
			files = (
			);
			runOnlyForDeploymentPostprocessing = 0;
		};
/* End PBXFrameworksBuildPhase section */

/* Begin PBXGroup section */
		7022F5DC1AB63CCB008A05F7 = {
			isa = PBXGroup;
			children = (
				7022F5E71AB63CCC008A05F7 /* RecreatedTabBarItems */,
				7022F6011AB63CCC008A05F7 /* RecreatedTabBarItemsTests */,
				7022F5E61AB63CCC008A05F7 /* Products */,
			);
			sourceTree = "<group>";
		};
		7022F5E61AB63CCC008A05F7 /* Products */ = {
			isa = PBXGroup;
			children = (
				7022F5E51AB63CCB008A05F7 /* RecreatedTabBarItems.app */,
				7022F5FE1AB63CCC008A05F7 /* RecreatedTabBarItemsTests.xctest */,
			);
			name = Products;
			sourceTree = "<group>";
		};
		7022F5E71AB63CCC008A05F7 /* RecreatedTabBarItems */ = {
			isa = PBXGroup;
			children = (
				7022F5EC1AB63CCC008A05F7 /* AppDelegate.h */,
				7022F5ED1AB63CCC008A05F7 /* AppDelegate.m */,
				7022F5EF1AB63CCC008A05F7 /* ViewController.h */,
				7022F5F01AB63CCC008A05F7 /* ViewController.m */,
				7022F5F51AB63CCC008A05F7 /* Images.xcassets */,
				7022F5E81AB63CCC008A05F7 /* Supporting Files */,
			);
			path = RecreatedTabBarItems;
			sourceTree = "<group>";
		};
		7022F5E81AB63CCC008A05F7 /* Supporting Files */ = {
			isa = PBXGroup;
			children = (
				7022F5E91AB63CCC008A05F7 /* Info.plist */,
				7022F5EA1AB63CCC008A05F7 /* main.m */,
			);
			name = "Supporting Files";
			sourceTree = "<group>";
		};
		7022F6011AB63CCC008A05F7 /* RecreatedTabBarItemsTests */ = {
			isa = PBXGroup;
			children = (
				7022F6041AB63CCC008A05F7 /* RecreatedTabBarItemsTests.m */,
				7022F6021AB63CCC008A05F7 /* Supporting Files */,
			);
			path = RecreatedTabBarItemsTests;
			sourceTree = "<group>";
		};
		7022F6021AB63CCC008A05F7 /* Supporting Files */ = {
			isa = PBXGroup;
			children = (
				7022F6031AB63CCC008A05F7 /* Info.plist */,
			);
			name = "Supporting Files";
			sourceTree = "<group>";
		};
/* End PBXGroup section */

/* Begin PBXNativeTarget section */
		7022F5E41AB63CCB008A05F7 /* RecreatedTabBarItems */ = {
			isa = PBXNativeTarget;
			buildConfigurationList = 7022F6081AB63CCC008A05F7 /* Build configuration list for PBXNativeTarget "RecreatedTabBarItems" */;
			buildPhases = (
				7022F5E11AB63CCB008A05F7 /* Sources */,
				7022F5E21AB63CCB008A05F7 /* Frameworks */,
				7022F5E31AB63CCB008A05F7 /* Resources */,
			);
			buildRules = (
			);
			dependencies = (
			);
			name = RecreatedTabBarItems;
			productName = RecreatedTabBarItems;
			productReference = 7022F5E51AB63CCB008A05F7 /* RecreatedTabBarItems.app */;
			productType = "com.apple.product-type.application";
		};
		7022F5FD1AB63CCC008A05F7 /* RecreatedTabBarItemsTests */ = {
			isa = PBXNativeTarget;
			buildConfigurationList = 7022F60B1AB63CCC008A05F7 /* Build configuration list for PBXNativeTarget "RecreatedTabBarItemsTests" */;
			buildPhases = (
				7022F5FA1AB63CCC008A05F7 /* Sources */,
				7022F5FB1AB63CCC008A05F7 /* Frameworks */,
				7022F5FC1AB63CCC008A05F7 /* Resources */,
			);
			buildRules = (
			);
			dependencies = (
				7022F6001AB63CCC008A05F7 /* PBXTargetDependency */,
			);
			name = RecreatedTabBarItemsTests;
			productName = RecreatedTabBarItemsTests;
			productReference = 7022F5FE1AB63CCC008A05F7 /* RecreatedTabBarItemsTests.xctest */;
			productType = "com.apple.product-type.bundle.unit-test";
		};
/* End PBXNativeTarget section */

/* Begin PBXProject section */
		7022F5DD1AB63CCB008A05F7 /* Project object */ = {
			isa = PBXProject;
			attributes = {
				LastUpgradeCheck = 0620;
				ORGANIZATIONNAME = "Boris Suvorov";
				TargetAttributes = {
					7022F5E41AB63CCB008A05F7 = {
						CreatedOnToolsVersion = 6.2;
					};
					7022F5FD1AB63CCC008A05F7 = {
						CreatedOnToolsVersion = 6.2;
						TestTargetID = 7022F5E41AB63CCB008A05F7;
					};
				};
			};
			buildConfigurationList = 7022F5E01AB63CCB008A05F7 /* Build configuration list for PBXProject "RecreatedTabBarItems" */;
			compatibilityVersion = "Xcode 3.2";
			developmentRegion = English;
			hasScannedForEncodings = 0;
			knownRegions = (
				en,
				Base,
			);
			mainGroup = 7022F5DC1AB63CCB008A05F7;
			productRefGroup = 7022F5E61AB63CCC008A05F7 /* Products */;
			projectDirPath = "";
			projectRoot = "";
			targets = (
				7022F5E41AB63CCB008A05F7 /* RecreatedTabBarItems */,
				7022F5FD1AB63CCC008A05F7 /* RecreatedTabBarItemsTests */,
			);
		};
/* End PBXProject section */

/* Begin PBXResourcesBuildPhase section */
		7022F5E31AB63CCB008A05F7 /* Resources */ = {
			isa = PBXResourcesBuildPhase;
			buildActionMask = 2147483647;
			files = (
				7022F5F61AB63CCC008A05F7 /* Images.xcassets in Resources */,
			);
			runOnlyForDeploymentPostprocessing = 0;
		};
		7022F5FC1AB63CCC008A05F7 /* Resources */ = {
			isa = PBXResourcesBuildPhase;
			buildActionMask = 2147483647;
			files = (
			);
			runOnlyForDeploymentPostprocessing = 0;
		};
/* End PBXResourcesBuildPhase section */

/* Begin PBXSourcesBuildPhase section */
		7022F5E11AB63CCB008A05F7 /* Sources */ = {
			isa = PBXSourcesBuildPhase;
			buildActionMask = 2147483647;
			files = (
				7022F5F11AB63CCC008A05F7 /* ViewController.m in Sources */,
				7022F5EE1AB63CCC008A05F7 /* AppDelegate.m in Sources */,
				7022F5EB1AB63CCC008A05F7 /* main.m in Sources */,
			);
			runOnlyForDeploymentPostprocessing = 0;
		};
		7022F5FA1AB63CCC008A05F7 /* Sources */ = {
			isa = PBXSourcesBuildPhase;
			buildActionMask = 2147483647;
			files = (
				7022F6051AB63CCC008A05F7 /* RecreatedTabBarItemsTests.m in Sources */,
			);
			runOnlyForDeploymentPostprocessing = 0;
		};
/* End PBXSourcesBuildPhase section */

/* Begin PBXTargetDependency section */
		7022F6001AB63CCC008A05F7 /* PBXTargetDependency */ = {
			isa = PBXTargetDependency;
			target = 7022F5E41AB63CCB008A05F7 /* RecreatedTabBarItems */;
			targetProxy = 7022F5FF1AB63CCC008A05F7 /* PBXContainerItemProxy */;
		};
/* End PBXTargetDependency section */

/* Begin XCBuildConfiguration section */
		7022F6061AB63CCC008A05F7 /* Debug */ = {
			isa = XCBuildConfiguration;
			buildSettings = {
				ALWAYS_SEARCH_USER_PATHS = NO;
				CLANG_CXX_LANGUAGE_STANDARD = "gnu++0x";
				CLANG_CXX_LIBRARY = "libc++";
				CLANG_ENABLE_MODULES = YES;
				CLANG_ENABLE_OBJC_ARC = YES;
				CLANG_WARN_BOOL_CONVERSION = YES;
				CLANG_WARN_CONSTANT_CONVERSION = YES;
				CLANG_WARN_DIRECT_OBJC_ISA_USAGE = YES_ERROR;
				CLANG_WARN_EMPTY_BODY = YES;
				CLANG_WARN_ENUM_CONVERSION = YES;
				CLANG_WARN_INT_CONVERSION = YES;
				CLANG_WARN_OBJC_ROOT_CLASS = YES_ERROR;
				CLANG_WARN_UNREACHABLE_CODE = YES;
				CLANG_WARN__DUPLICATE_METHOD_MATCH = YES;
				"CODE_SIGN_IDENTITY[sdk=iphoneos*]" = "iPhone Developer";
				COPY_PHASE_STRIP = NO;
				ENABLE_STRICT_OBJC_MSGSEND = YES;
				GCC_C_LANGUAGE_STANDARD = gnu99;
				GCC_DYNAMIC_NO_PIC = NO;
				GCC_OPTIMIZATION_LEVEL = 0;
				GCC_PREPROCESSOR_DEFINITIONS = (
					"DEBUG=1",
					"$(inherited)",
				);
				GCC_SYMBOLS_PRIVATE_EXTERN = NO;
				GCC_WARN_64_TO_32_BIT_CONVERSION = YES;
				GCC_WARN_ABOUT_RETURN_TYPE = YES_ERROR;
				GCC_WARN_UNDECLARED_SELECTOR = YES;
				GCC_WARN_UNINITIALIZED_AUTOS = YES_AGGRESSIVE;
				GCC_WARN_UNUSED_FUNCTION = YES;
				GCC_WARN_UNUSED_VARIABLE = YES;
				IPHONEOS_DEPLOYMENT_TARGET = 7.1;
				MTL_ENABLE_DEBUG_INFO = YES;
				ONLY_ACTIVE_ARCH = YES;
				SDKROOT = iphoneos;
				TARGETED_DEVICE_FAMILY = "1,2";
			};
			name = Debug;
		};
		7022F6071AB63CCC008A05F7 /* Release */ = {
			isa = XCBuildConfiguration;
			buildSettings = {
				ALWAYS_SEARCH_USER_PATHS = NO;
				CLANG_CXX_LANGUAGE_STANDARD = "gnu++0x";
				CLANG_CXX_LIBRARY = "libc++";
				CLANG_ENABLE_MODULES = YES;
				CLANG_ENABLE_OBJC_ARC = YES;
				CLANG_WARN_BOOL_CONVERSION = YES;
				CLANG_WARN_CONSTANT_CONVERSION = YES;
				CLANG_WARN_DIRECT_OBJC_ISA_USAGE = YES_ERROR;
				CLANG_WARN_EMPTY_BODY = YES;
				CLANG_WARN_ENUM_CONVERSION = YES;
				CLANG_WARN_INT_CONVERSION = YES;
				CLANG_WARN_OBJC_ROOT_CLASS = YES_ERROR;
				CLANG_WARN_UNREACHABLE_CODE = YES;
				CLANG_WARN__DUPLICATE_METHOD_MATCH = YES;
				"CODE_SIGN_IDENTITY[sdk=iphoneos*]" = "iPhone Developer";
				COPY_PHASE_STRIP = NO;
				ENABLE_NS_ASSERTIONS = NO;
				ENABLE_STRICT_OBJC_MSGSEND = YES;
				GCC_C_LANGUAGE_STANDARD = gnu99;
				GCC_WARN_64_TO_32_BIT_CONVERSION = YES;
				GCC_WARN_ABOUT_RETURN_TYPE = YES_ERROR;
				GCC_WARN_UNDECLARED_SELECTOR = YES;
				GCC_WARN_UNINITIALIZED_AUTOS = YES_AGGRESSIVE;
				GCC_WARN_UNUSED_FUNCTION = YES;
				GCC_WARN_UNUSED_VARIABLE = YES;
				IPHONEOS_DEPLOYMENT_TARGET = 7.1;
				MTL_ENABLE_DEBUG_INFO = NO;
				SDKROOT = iphoneos;
				TARGETED_DEVICE_FAMILY = "1,2";
				VALIDATE_PRODUCT = YES;
			};
			name = Release;
		};
		7022F6091AB63CCC008A05F7 /* Debug */ = {
			isa = XCBuildConfiguration;
			buildSettings = {
				ASSETCATALOG_COMPILER_APPICON_NAME = AppIcon;
				INFOPLIST_FILE = RecreatedTabBarItems/Info.plist;
				IPHONEOS_DEPLOYMENT_TARGET = 7.1;
				LD_RUNPATH_SEARCH_PATHS = "$(inherited) @executable_path/Frameworks";
				PRODUCT_NAME = "$(TARGET_NAME)";
			};
			name = Debug;
		};
		7022F60A1AB63CCC008A05F7 /* Release */ = {
			isa = XCBuildConfiguration;
			buildSettings = {
				ASSETCATALOG_COMPILER_APPICON_NAME = AppIcon;
				INFOPLIST_FILE = RecreatedTabBarItems/Info.plist;
				IPHONEOS_DEPLOYMENT_TARGET = 7.1;
				LD_RUNPATH_SEARCH_PATHS = "$(inherited) @executable_path/Frameworks";
				PRODUCT_NAME = "$(TARGET_NAME)";
			};
			name = Release;
		};
		7022F60C1AB63CCC008A05F7 /* Debug */ = {
			isa = XCBuildConfiguration;
			buildSettings = {
				BUNDLE_LOADER = "$(TEST_HOST)";
				FRAMEWORK_SEARCH_PATHS = (
					"$(SDKROOT)/Developer/Library/Frameworks",
					"$(inherited)",
				);
				GCC_PREPROCESSOR_DEFINITIONS = (
					"DEBUG=1",
					"$(inherited)",
				);
				INFOPLIST_FILE = RecreatedTabBarItemsTests/Info.plist;
				LD_RUNPATH_SEARCH_PATHS = "$(inherited) @executable_path/Frameworks @loader_path/Frameworks";
				PRODUCT_NAME = "$(TARGET_NAME)";
				TEST_HOST = "$(BUILT_PRODUCTS_DIR)/RecreatedTabBarItems.app/RecreatedTabBarItems";
			};
			name = Debug;
		};
		7022F60D1AB63CCC008A05F7 /* Release */ = {
			isa = XCBuildConfiguration;
			buildSettings = {
				BUNDLE_LOADER = "$(TEST_HOST)";
				FRAMEWORK_SEARCH_PATHS = (
					"$(SDKROOT)/Developer/Library/Frameworks",
					"$(inherited)",
				);
				INFOPLIST_FILE = RecreatedTabBarItemsTests/Info.plist;
				LD_RUNPATH_SEARCH_PATHS = "$(inherited) @executable_path/Frameworks @loader_path/Frameworks";
				PRODUCT_NAME = "$(TARGET_NAME)";
				TEST_HOST = "$(BUILT_PRODUCTS_DIR)/RecreatedTabBarItems.app/RecreatedTabBarItems";
			};
			name = Release;
		};
/* End XCBuildConfiguration section */

/* Begin XCConfigurationList section */
		7022F5E01AB63CCB008A05F7 /* Build configuration list for PBXProject "RecreatedTabBarItems" */ = {
			isa = XCConfigurationList;
			buildConfigurations = (
				7022F6061AB63CCC008A05F7 /* Debug */,
				7022F6071AB63CCC008A05F7 /* Release */,
			);
			defaultConfigurationIsVisible = 0;
			defaultConfigurationName = Release;
		};
		7022F6081AB63CCC008A05F7 /* Build configuration list for PBXNativeTarget "RecreatedTabBarItems" */ = {
			isa = XCConfigurationList;
			buildConfigurations = (
				7022F6091AB63CCC008A05F7 /* Debug */,
				7022F60A1AB63CCC008A05F7 /* Release */,
			);
			defaultConfigurationIsVisible = 0;
			defaultConfigurationName = Release;
		};
		7022F60B1AB63CCC008A05F7 /* Build configuration list for PBXNativeTarget "RecreatedTabBarItemsTests" */ = {
			isa = XCConfigurationList;
			buildConfigurations = (
				7022F60C1AB63CCC008A05F7 /* Debug */,
				7022F60D1AB63CCC008A05F7 /* Release */,
			);
			defaultConfigurationIsVisible = 0;
			defaultConfigurationName = Release;
		};
/* End XCConfigurationList section */
	};
	rootObject = 7022F5DD1AB63CCB008A05F7 /* Project object */;
}
